// !$*UTF8*$!
{
	archiveVersion = 1;
	classes = {
	};
	objectVersion = 77;
	objects = {

/* Begin PBXContainerItemProxy section */
		EAD96D602CA940A600DA67E1 /* PBXContainerItemProxy */ = {
			isa = PBXContainerItemProxy;
			containerPortal = EAD96D472CA940A300DA67E1 /* Project object */;
			proxyType = 1;
			remoteGlobalIDString = EAD96D4E2CA940A300DA67E1;
			remoteInfo = "learn-swift-ui";
		};
		EAD96D6A2CA940A600DA67E1 /* PBXContainerItemProxy */ = {
			isa = PBXContainerItemProxy;
			containerPortal = EAD96D472CA940A300DA67E1 /* Project object */;
			proxyType = 1;
			remoteGlobalIDString = EAD96D4E2CA940A300DA67E1;
			remoteInfo = "learn-swift-ui";
		};
/* End PBXContainerItemProxy section */

/* Begin PBXFileReference section */
		EAD96D4F2CA940A300DA67E1 /* learn-swift-ui.app */ = {isa = PBXFileReference; explicitFileType = wrapper.application; includeInIndex = 0; path = "learn-swift-ui.app"; sourceTree = BUILT_PRODUCTS_DIR; };
		EAD96D5F2CA940A600DA67E1 /* learn-swift-uiTests.xctest */ = {isa = PBXFileReference; explicitFileType = wrapper.cfbundle; includeInIndex = 0; path = "learn-swift-uiTests.xctest"; sourceTree = BUILT_PRODUCTS_DIR; };
		EAD96D692CA940A600DA67E1 /* learn-swift-uiUITests.xctest */ = {isa = PBXFileReference; explicitFileType = wrapper.cfbundle; includeInIndex = 0; path = "learn-swift-uiUITests.xctest"; sourceTree = BUILT_PRODUCTS_DIR; };
/* End PBXFileReference section */

/* Begin PBXFileSystemSynchronizedRootGroup section */
		EAD96D512CA940A300DA67E1 /* learn-swift-ui */ = {
			isa = PBXFileSystemSynchronizedRootGroup;
			path = "learn-swift-ui";
			sourceTree = "<group>";
		};
		EAD96D622CA940A600DA67E1 /* learn-swift-uiTests */ = {
			isa = PBXFileSystemSynchronizedRootGroup;
			path = "learn-swift-uiTests";
			sourceTree = "<group>";
		};
		EAD96D6C2CA940A600DA67E1 /* learn-swift-uiUITests */ = {
			isa = PBXFileSystemSynchronizedRootGroup;
			path = "learn-swift-uiUITests";
			sourceTree = "<group>";
		};
/* End PBXFileSystemSynchronizedRootGroup section */

/* Begin PBXFrameworksBuildPhase section */
		EAD96D4C2CA940A300DA67E1 /* Frameworks */ = {
			isa = PBXFrameworksBuildPhase;
			buildActionMask = 2147483647;
			files = (
			);
			runOnlyForDeploymentPostprocessing = 0;
		};
		EAD96D5C2CA940A600DA67E1 /* Frameworks */ = {
			isa = PBXFrameworksBuildPhase;
			buildActionMask = 2147483647;
			files = (
			);
			runOnlyForDeploymentPostprocessing = 0;
		};
		EAD96D662CA940A600DA67E1 /* Frameworks */ = {
			isa = PBXFrameworksBuildPhase;
			buildActionMask = 2147483647;
			files = (
			);
			runOnlyForDeploymentPostprocessing = 0;
		};
/* End PBXFrameworksBuildPhase section */

/* Begin PBXGroup section */
		EAD96D462CA940A300DA67E1 = {
			isa = PBXGroup;
			children = (
				EAD96D512CA940A300DA67E1 /* learn-swift-ui */,
				EAD96D622CA940A600DA67E1 /* learn-swift-uiTests */,
				EAD96D6C2CA940A600DA67E1 /* learn-swift-uiUITests */,
				EAD96D502CA940A300DA67E1 /* Products */,
			);
			sourceTree = "<group>";
		};
		EAD96D502CA940A300DA67E1 /* Products */ = {
			isa = PBXGroup;
			children = (
				EAD96D4F2CA940A300DA67E1 /* learn-swift-ui.app */,
				EAD96D5F2CA940A600DA67E1 /* learn-swift-uiTests.xctest */,
				EAD96D692CA940A600DA67E1 /* learn-swift-uiUITests.xctest */,
			);
			name = Products;
			sourceTree = "<group>";
		};
/* End PBXGroup section */

/* Begin PBXNativeTarget section */
		EAD96D4E2CA940A300DA67E1 /* learn-swift-ui */ = {
			isa = PBXNativeTarget;
			buildConfigurationList = EAD96D732CA940A600DA67E1 /* Build configuration list for PBXNativeTarget "learn-swift-ui" */;
			buildPhases = (
				EAD96D4B2CA940A300DA67E1 /* Sources */,
				EAD96D4C2CA940A300DA67E1 /* Frameworks */,
				EAD96D4D2CA940A300DA67E1 /* Resources */,
			);
			buildRules = (
			);
			dependencies = (
			);
			fileSystemSynchronizedGroups = (
				EAD96D512CA940A300DA67E1 /* learn-swift-ui */,
			);
			name = "learn-swift-ui";
			packageProductDependencies = (
			);
			productName = "learn-swift-ui";
			productReference = EAD96D4F2CA940A300DA67E1 /* learn-swift-ui.app */;
			productType = "com.apple.product-type.application";
		};
		EAD96D5E2CA940A600DA67E1 /* learn-swift-uiTests */ = {
			isa = PBXNativeTarget;
			buildConfigurationList = EAD96D762CA940A600DA67E1 /* Build configuration list for PBXNativeTarget "learn-swift-uiTests" */;
			buildPhases = (
				EAD96D5B2CA940A600DA67E1 /* Sources */,
				EAD96D5C2CA940A600DA67E1 /* Frameworks */,
				EAD96D5D2CA940A600DA67E1 /* Resources */,
			);
			buildRules = (
			);
			dependencies = (
				EAD96D612CA940A600DA67E1 /* PBXTargetDependency */,
			);
			fileSystemSynchronizedGroups = (
				EAD96D622CA940A600DA67E1 /* learn-swift-uiTests */,
			);
			name = "learn-swift-uiTests";
			packageProductDependencies = (
			);
			productName = "learn-swift-uiTests";
			productReference = EAD96D5F2CA940A600DA67E1 /* learn-swift-uiTests.xctest */;
			productType = "com.apple.product-type.bundle.unit-test";
		};
		EAD96D682CA940A600DA67E1 /* learn-swift-uiUITests */ = {
			isa = PBXNativeTarget;
			buildConfigurationList = EAD96D792CA940A600DA67E1 /* Build configuration list for PBXNativeTarget "learn-swift-uiUITests" */;
			buildPhases = (
				EAD96D652CA940A600DA67E1 /* Sources */,
				EAD96D662CA940A600DA67E1 /* Frameworks */,
				EAD96D672CA940A600DA67E1 /* Resources */,
			);
			buildRules = (
			);
			dependencies = (
				EAD96D6B2CA940A600DA67E1 /* PBXTargetDependency */,
			);
			fileSystemSynchronizedGroups = (
				EAD96D6C2CA940A600DA67E1 /* learn-swift-uiUITests */,
			);
			name = "learn-swift-uiUITests";
			packageProductDependencies = (
			);
			productName = "learn-swift-uiUITests";
			productReference = EAD96D692CA940A600DA67E1 /* learn-swift-uiUITests.xctest */;
			productType = "com.apple.product-type.bundle.ui-testing";
		};
/* End PBXNativeTarget section */

/* Begin PBXProject section */
		EAD96D472CA940A300DA67E1 /* Project object */ = {
			isa = PBXProject;
			attributes = {
				BuildIndependentTargetsInParallel = 1;
				LastSwiftUpdateCheck = 1600;
				LastUpgradeCheck = 1600;
				TargetAttributes = {
					EAD96D4E2CA940A300DA67E1 = {
						CreatedOnToolsVersion = 16.0;
					};
					EAD96D5E2CA940A600DA67E1 = {
						CreatedOnToolsVersion = 16.0;
						TestTargetID = EAD96D4E2CA940A300DA67E1;
					};
					EAD96D682CA940A600DA67E1 = {
						CreatedOnToolsVersion = 16.0;
						TestTargetID = EAD96D4E2CA940A300DA67E1;
					};
				};
			};
			buildConfigurationList = EAD96D4A2CA940A300DA67E1 /* Build configuration list for PBXProject "learn-swift-ui" */;
			developmentRegion = en;
			hasScannedForEncodings = 0;
			knownRegions = (
				en,
				Base,
			);
			mainGroup = EAD96D462CA940A300DA67E1;
			minimizedProjectReferenceProxies = 1;
			preferredProjectObjectVersion = 77;
			productRefGroup = EAD96D502CA940A300DA67E1 /* Products */;
			projectDirPath = "";
			projectRoot = "";
			targets = (
				EAD96D4E2CA940A300DA67E1 /* learn-swift-ui */,
				EAD96D5E2CA940A600DA67E1 /* learn-swift-uiTests */,
				EAD96D682CA940A600DA67E1 /* learn-swift-uiUITests */,
			);
		};
/* End PBXProject section */

/* Begin PBXResourcesBuildPhase section */
		EAD96D4D2CA940A300DA67E1 /* Resources */ = {
			isa = PBXResourcesBuildPhase;
			buildActionMask = 2147483647;
			files = (
			);
			runOnlyForDeploymentPostprocessing = 0;
		};
		EAD96D5D2CA940A600DA67E1 /* Resources */ = {
			isa = PBXResourcesBuildPhase;
			buildActionMask = 2147483647;
			files = (
			);
			runOnlyForDeploymentPostprocessing = 0;
		};
		EAD96D672CA940A600DA67E1 /* Resources */ = {
			isa = PBXResourcesBuildPhase;
			buildActionMask = 2147483647;
			files = (
			);
			runOnlyForDeploymentPostprocessing = 0;
		};
/* End PBXResourcesBuildPhase section */

/* Begin PBXSourcesBuildPhase section */
		EAD96D4B2CA940A300DA67E1 /* Sources */ = {
			isa = PBXSourcesBuildPhase;
			buildActionMask = 2147483647;
			files = (
			);
			runOnlyForDeploymentPostprocessing = 0;
		};
		EAD96D5B2CA940A600DA67E1 /* Sources */ = {
			isa = PBXSourcesBuildPhase;
			buildActionMask = 2147483647;
			files = (
			);
			runOnlyForDeploymentPostprocessing = 0;
		};
		EAD96D652CA940A600DA67E1 /* Sources */ = {
			isa = PBXSourcesBuildPhase;
			buildActionMask = 2147483647;
			files = (
			);
			runOnlyForDeploymentPostprocessing = 0;
		};
/* End PBXSourcesBuildPhase section */

/* Begin PBXTargetDependency section */
		EAD96D612CA940A600DA67E1 /* PBXTargetDependency */ = {
			isa = PBXTargetDependency;
			target = EAD96D4E2CA940A300DA67E1 /* learn-swift-ui */;
			targetProxy = EAD96D602CA940A600DA67E1 /* PBXContainerItemProxy */;
		};
		EAD96D6B2CA940A600DA67E1 /* PBXTargetDependency */ = {
			isa = PBXTargetDependency;
			target = EAD96D4E2CA940A300DA67E1 /* learn-swift-ui */;
			targetProxy = EAD96D6A2CA940A600DA67E1 /* PBXContainerItemProxy */;
		};
/* End PBXTargetDependency section */

/* Begin XCBuildConfiguration section */
		EAD96D712CA940A600DA67E1 /* Debug */ = {
			isa = XCBuildConfiguration;
			buildSettings = {
				ALWAYS_SEARCH_USER_PATHS = NO;
				ASSETCATALOG_COMPILER_GENERATE_SWIFT_ASSET_SYMBOL_EXTENSIONS = YES;
				CLANG_ANALYZER_NONNULL = YES;
				CLANG_ANALYZER_NUMBER_OBJECT_CONVERSION = YES_AGGRESSIVE;
				CLANG_CXX_LANGUAGE_STANDARD = "gnu++20";
				CLANG_ENABLE_MODULES = YES;
				CLANG_ENABLE_OBJC_ARC = YES;
				CLANG_ENABLE_OBJC_WEAK = YES;
				CLANG_WARN_BLOCK_CAPTURE_AUTORELEASING = YES;
				CLANG_WARN_BOOL_CONVERSION = YES;
				CLANG_WARN_COMMA = YES;
				CLANG_WARN_CONSTANT_CONVERSION = YES;
				CLANG_WARN_DEPRECATED_OBJC_IMPLEMENTATIONS = YES;
				CLANG_WARN_DIRECT_OBJC_ISA_USAGE = YES_ERROR;
				CLANG_WARN_DOCUMENTATION_COMMENTS = YES;
				CLANG_WARN_EMPTY_BODY = YES;
				CLANG_WARN_ENUM_CONVERSION = YES;
				CLANG_WARN_INFINITE_RECURSION = YES;
				CLANG_WARN_INT_CONVERSION = YES;
				CLANG_WARN_NON_LITERAL_NULL_CONVERSION = YES;
				CLANG_WARN_OBJC_IMPLICIT_RETAIN_SELF = YES;
				CLANG_WARN_OBJC_LITERAL_CONVERSION = YES;
				CLANG_WARN_OBJC_ROOT_CLASS = YES_ERROR;
				CLANG_WARN_QUOTED_INCLUDE_IN_FRAMEWORK_HEADER = YES;
				CLANG_WARN_RANGE_LOOP_ANALYSIS = YES;
				CLANG_WARN_STRICT_PROTOTYPES = YES;
				CLANG_WARN_SUSPICIOUS_MOVE = YES;
				CLANG_WARN_UNGUARDED_AVAILABILITY = YES_AGGRESSIVE;
				CLANG_WARN_UNREACHABLE_CODE = YES;
				CLANG_WARN__DUPLICATE_METHOD_MATCH = YES;
				COPY_PHASE_STRIP = NO;
				DEBUG_INFORMATION_FORMAT = dwarf;
				ENABLE_STRICT_OBJC_MSGSEND = YES;
				ENABLE_TESTABILITY = YES;
				ENABLE_USER_SCRIPT_SANDBOXING = YES;
				GCC_C_LANGUAGE_STANDARD = gnu17;
				GCC_DYNAMIC_NO_PIC = NO;
				GCC_NO_COMMON_BLOCKS = YES;
				GCC_OPTIMIZATION_LEVEL = 0;
				GCC_PREPROCESSOR_DEFINITIONS = (
					"DEBUG=1",
					"$(inherited)",
				);
				GCC_WARN_64_TO_32_BIT_CONVERSION = YES;
				GCC_WARN_ABOUT_RETURN_TYPE = YES_ERROR;
				GCC_WARN_UNDECLARED_SELECTOR = YES;
				GCC_WARN_UNINITIALIZED_AUTOS = YES_AGGRESSIVE;
				GCC_WARN_UNUSED_FUNCTION = YES;
				GCC_WARN_UNUSED_VARIABLE = YES;
				IPHONEOS_DEPLOYMENT_TARGET = 18.0;
				LOCALIZATION_PREFERS_STRING_CATALOGS = YES;
				MTL_ENABLE_DEBUG_INFO = INCLUDE_SOURCE;
				MTL_FAST_MATH = YES;
				ONLY_ACTIVE_ARCH = YES;
				SDKROOT = iphoneos;
				SWIFT_ACTIVE_COMPILATION_CONDITIONS = "DEBUG $(inherited)";
				SWIFT_OPTIMIZATION_LEVEL = "-Onone";
			};
			name = Debug;
		};
		EAD96D722CA940A600DA67E1 /* Release */ = {
			isa = XCBuildConfiguration;
			buildSettings = {
				ALWAYS_SEARCH_USER_PATHS = NO;
				ASSETCATALOG_COMPILER_GENERATE_SWIFT_ASSET_SYMBOL_EXTENSIONS = YES;
				CLANG_ANALYZER_NONNULL = YES;
				CLANG_ANALYZER_NUMBER_OBJECT_CONVERSION = YES_AGGRESSIVE;
				CLANG_CXX_LANGUAGE_STANDARD = "gnu++20";
				CLANG_ENABLE_MODULES = YES;
				CLANG_ENABLE_OBJC_ARC = YES;
				CLANG_ENABLE_OBJC_WEAK = YES;
				CLANG_WARN_BLOCK_CAPTURE_AUTORELEASING = YES;
				CLANG_WARN_BOOL_CONVERSION = YES;
				CLANG_WARN_COMMA = YES;
				CLANG_WARN_CONSTANT_CONVERSION = YES;
				CLANG_WARN_DEPRECATED_OBJC_IMPLEMENTATIONS = YES;
				CLANG_WARN_DIRECT_OBJC_ISA_USAGE = YES_ERROR;
				CLANG_WARN_DOCUMENTATION_COMMENTS = YES;
				CLANG_WARN_EMPTY_BODY = YES;
				CLANG_WARN_ENUM_CONVERSION = YES;
				CLANG_WARN_INFINITE_RECURSION = YES;
				CLANG_WARN_INT_CONVERSION = YES;
				CLANG_WARN_NON_LITERAL_NULL_CONVERSION = YES;
				CLANG_WARN_OBJC_IMPLICIT_RETAIN_SELF = YES;
				CLANG_WARN_OBJC_LITERAL_CONVERSION = YES;
				CLANG_WARN_OBJC_ROOT_CLASS = YES_ERROR;
				CLANG_WARN_QUOTED_INCLUDE_IN_FRAMEWORK_HEADER = YES;
				CLANG_WARN_RANGE_LOOP_ANALYSIS = YES;
				CLANG_WARN_STRICT_PROTOTYPES = YES;
				CLANG_WARN_SUSPICIOUS_MOVE = YES;
				CLANG_WARN_UNGUARDED_AVAILABILITY = YES_AGGRESSIVE;
				CLANG_WARN_UNREACHABLE_CODE = YES;
				CLANG_WARN__DUPLICATE_METHOD_MATCH = YES;
				COPY_PHASE_STRIP = NO;
				DEBUG_INFORMATION_FORMAT = "dwarf-with-dsym";
				ENABLE_NS_ASSERTIONS = NO;
				ENABLE_STRICT_OBJC_MSGSEND = YES;
				ENABLE_USER_SCRIPT_SANDBOXING = YES;
				GCC_C_LANGUAGE_STANDARD = gnu17;
				GCC_NO_COMMON_BLOCKS = YES;
				GCC_WARN_64_TO_32_BIT_CONVERSION = YES;
				GCC_WARN_ABOUT_RETURN_TYPE = YES_ERROR;
				GCC_WARN_UNDECLARED_SELECTOR = YES;
				GCC_WARN_UNINITIALIZED_AUTOS = YES_AGGRESSIVE;
				GCC_WARN_UNUSED_FUNCTION = YES;
				GCC_WARN_UNUSED_VARIABLE = YES;
				IPHONEOS_DEPLOYMENT_TARGET = 18.0;
				LOCALIZATION_PREFERS_STRING_CATALOGS = YES;
				MTL_ENABLE_DEBUG_INFO = NO;
				MTL_FAST_MATH = YES;
				SDKROOT = iphoneos;
				SWIFT_COMPILATION_MODE = wholemodule;
				VALIDATE_PRODUCT = YES;
			};
			name = Release;
		};
		EAD96D742CA940A600DA67E1 /* Debug */ = {
			isa = XCBuildConfiguration;
			buildSettings = {
				ASSETCATALOG_COMPILER_APPICON_NAME = AppIcon;
				ASSETCATALOG_COMPILER_GLOBAL_ACCENT_COLOR_NAME = AccentColor;
				CODE_SIGN_STYLE = Automatic;
				CURRENT_PROJECT_VERSION = 1;
				DEVELOPMENT_ASSET_PATHS = "\"learn-swift-ui/Preview Content\"";
				DEVELOPMENT_TEAM = BVPC6QX93W;
				ENABLE_PREVIEWS = YES;
				GENERATE_INFOPLIST_FILE = YES;
				INFOPLIST_KEY_UIApplicationSceneManifest_Generation = YES;
				INFOPLIST_KEY_UIApplicationSupportsIndirectInputEvents = YES;
				INFOPLIST_KEY_UILaunchScreen_Generation = YES;
				INFOPLIST_KEY_UISupportedInterfaceOrientations_iPad = "UIInterfaceOrientationPortrait UIInterfaceOrientationPortraitUpsideDown UIInterfaceOrientationLandscapeLeft UIInterfaceOrientationLandscapeRight";
				INFOPLIST_KEY_UISupportedInterfaceOrientations_iPhone = "UIInterfaceOrientationPortrait UIInterfaceOrientationLandscapeLeft UIInterfaceOrientationLandscapeRight";
				LD_RUNPATH_SEARCH_PATHS = (
					"$(inherited)",
					"@executable_path/Frameworks",
				);
				MARKETING_VERSION = 1.0;
				PRODUCT_BUNDLE_IDENTIFIER = "com.rickyprimay.learn-swift-ui";
				PRODUCT_NAME = "$(TARGET_NAME)";
				SWIFT_EMIT_LOC_STRINGS = YES;
				SWIFT_VERSION = 5.0;
				TARGETED_DEVICE_FAMILY = "1,2";
			};
			name = Debug;
		};
		EAD96D752CA940A600DA67E1 /* Release */ = {
			isa = XCBuildConfiguration;
			buildSettings = {
				ASSETCATALOG_COMPILER_APPICON_NAME = AppIcon;
				ASSETCATALOG_COMPILER_GLOBAL_ACCENT_COLOR_NAME = AccentColor;
				CODE_SIGN_STYLE = Automatic;
				CURRENT_PROJECT_VERSION = 1;
				DEVELOPMENT_ASSET_PATHS = "\"learn-swift-ui/Preview Content\"";
				DEVELOPMENT_TEAM = BVPC6QX93W;
				ENABLE_PREVIEWS = YES;
				GENERATE_INFOPLIST_FILE = YES;
				INFOPLIST_KEY_UIApplicationSceneManifest_Generation = YES;
				INFOPLIST_KEY_UIApplicationSupportsIndirectInputEvents = YES;
				INFOPLIST_KEY_UILaunchScreen_Generation = YES;
				INFOPLIST_KEY_UISupportedInterfaceOrientations_iPad = "UIInterfaceOrientationPortrait UIInterfaceOrientationPortraitUpsideDown UIInterfaceOrientationLandscapeLeft UIInterfaceOrientationLandscapeRight";
				INFOPLIST_KEY_UISupportedInterfaceOrientations_iPhone = "UIInterfaceOrientationPortrait UIInterfaceOrientationLandscapeLeft UIInterfaceOrientationLandscapeRight";
				LD_RUNPATH_SEARCH_PATHS = (
					"$(inherited)",
					"@executable_path/Frameworks",
				);
				MARKETING_VERSION = 1.0;
				PRODUCT_BUNDLE_IDENTIFIER = "com.rickyprimay.learn-swift-ui";
				PRODUCT_NAME = "$(TARGET_NAME)";
				SWIFT_EMIT_LOC_STRINGS = YES;
				SWIFT_VERSION = 5.0;
				TARGETED_DEVICE_FAMILY = "1,2";
			};
			name = Release;
		};
		EAD96D772CA940A600DA67E1 /* Debug */ = {
			isa = XCBuildConfiguration;
			buildSettings = {
				BUNDLE_LOADER = "$(TEST_HOST)";
				CODE_SIGN_STYLE = Automatic;
				CURRENT_PROJECT_VERSION = 1;
				DEVELOPMENT_TEAM = BVPC6QX93W;
				GENERATE_INFOPLIST_FILE = YES;
				IPHONEOS_DEPLOYMENT_TARGET = 18.0;
				MARKETING_VERSION = 1.0;
				PRODUCT_BUNDLE_IDENTIFIER = "com.rickyprimay.learn-swift-uiTests";
				PRODUCT_NAME = "$(TARGET_NAME)";
				SWIFT_EMIT_LOC_STRINGS = NO;
				SWIFT_VERSION = 5.0;
				TARGETED_DEVICE_FAMILY = "1,2";
				TEST_HOST = "$(BUILT_PRODUCTS_DIR)/learn-swift-ui.app/$(BUNDLE_EXECUTABLE_FOLDER_PATH)/learn-swift-ui";
			};
			name = Debug;
		};
		EAD96D782CA940A600DA67E1 /* Release */ = {
			isa = XCBuildConfiguration;
			buildSettings = {
				BUNDLE_LOADER = "$(TEST_HOST)";
				CODE_SIGN_STYLE = Automatic;
				CURRENT_PROJECT_VERSION = 1;
				DEVELOPMENT_TEAM = BVPC6QX93W;
				GENERATE_INFOPLIST_FILE = YES;
				IPHONEOS_DEPLOYMENT_TARGET = 18.0;
				MARKETING_VERSION = 1.0;
				PRODUCT_BUNDLE_IDENTIFIER = "com.rickyprimay.learn-swift-uiTests";
				PRODUCT_NAME = "$(TARGET_NAME)";
				SWIFT_EMIT_LOC_STRINGS = NO;
				SWIFT_VERSION = 5.0;
				TARGETED_DEVICE_FAMILY = "1,2";
				TEST_HOST = "$(BUILT_PRODUCTS_DIR)/learn-swift-ui.app/$(BUNDLE_EXECUTABLE_FOLDER_PATH)/learn-swift-ui";
			};
			name = Release;
		};
		EAD96D7A2CA940A600DA67E1 /* Debug */ = {
			isa = XCBuildConfiguration;
			buildSettings = {
				CODE_SIGN_STYLE = Automatic;
				CURRENT_PROJECT_VERSION = 1;
				DEVELOPMENT_TEAM = BVPC6QX93W;
				GENERATE_INFOPLIST_FILE = YES;
				MARKETING_VERSION = 1.0;
				PRODUCT_BUNDLE_IDENTIFIER = "com.rickyprimay.learn-swift-uiUITests";
				PRODUCT_NAME = "$(TARGET_NAME)";
				SWIFT_EMIT_LOC_STRINGS = NO;
				SWIFT_VERSION = 5.0;
				TARGETED_DEVICE_FAMILY = "1,2";
				TEST_TARGET_NAME = "learn-swift-ui";
			};
			name = Debug;
		};
		EAD96D7B2CA940A600DA67E1 /* Release */ = {
			isa = XCBuildConfiguration;
			buildSettings = {
				CODE_SIGN_STYLE = Automatic;
				CURRENT_PROJECT_VERSION = 1;
				DEVELOPMENT_TEAM = BVPC6QX93W;
				GENERATE_INFOPLIST_FILE = YES;
				MARKETING_VERSION = 1.0;
				PRODUCT_BUNDLE_IDENTIFIER = "com.rickyprimay.learn-swift-uiUITests";
				PRODUCT_NAME = "$(TARGET_NAME)";
				SWIFT_EMIT_LOC_STRINGS = NO;
				SWIFT_VERSION = 5.0;
				TARGETED_DEVICE_FAMILY = "1,2";
				TEST_TARGET_NAME = "learn-swift-ui";
			};
			name = Release;
		};
/* End XCBuildConfiguration section */

/* Begin XCConfigurationList section */
		EAD96D4A2CA940A300DA67E1 /* Build configuration list for PBXProject "learn-swift-ui" */ = {
			isa = XCConfigurationList;
			buildConfigurations = (
				EAD96D712CA940A600DA67E1 /* Debug */,
				EAD96D722CA940A600DA67E1 /* Release */,
			);
			defaultConfigurationIsVisible = 0;
			defaultConfigurationName = Release;
		};
		EAD96D732CA940A600DA67E1 /* Build configuration list for PBXNativeTarget "learn-swift-ui" */ = {
			isa = XCConfigurationList;
			buildConfigurations = (
				EAD96D742CA940A600DA67E1 /* Debug */,
				EAD96D752CA940A600DA67E1 /* Release */,
			);
			defaultConfigurationIsVisible = 0;
			defaultConfigurationName = Release;
		};
		EAD96D762CA940A600DA67E1 /* Build configuration list for PBXNativeTarget "learn-swift-uiTests" */ = {
			isa = XCConfigurationList;
			buildConfigurations = (
				EAD96D772CA940A600DA67E1 /* Debug */,
				EAD96D782CA940A600DA67E1 /* Release */,
			);
			defaultConfigurationIsVisible = 0;
			defaultConfigurationName = Release;
		};
		EAD96D792CA940A600DA67E1 /* Build configuration list for PBXNativeTarget "learn-swift-uiUITests" */ = {
			isa = XCConfigurationList;
			buildConfigurations = (
				EAD96D7A2CA940A600DA67E1 /* Debug */,
				EAD96D7B2CA940A600DA67E1 /* Release */,
			);
			defaultConfigurationIsVisible = 0;
			defaultConfigurationName = Release;
		};
/* End XCConfigurationList section */
	};
	rootObject = EAD96D472CA940A300DA67E1 /* Project object */;
}
